// !$*UTF8*$!
{
	archiveVersion = 1;
	classes = {
	};
	objectVersion = 46;
	objects = {

/* Begin PBXBuildFile section */
		4C3B13B3136E927C00DEDB35 /* box.dae in CopyFiles */ = {isa = PBXBuildFile; fileRef = 4C3B13B1136E927000DEDB35 /* box.dae */; };
		4C3B13B4136E927C00DEDB35 /* court.dae in CopyFiles */ = {isa = PBXBuildFile; fileRef = 4C3B13B2136E927000DEDB35 /* court.dae */; };
		4C3B13B6136E95F300DEDB35 /* scene.json in CopyFiles */ = {isa = PBXBuildFile; fileRef = 4C3B13B5136E95DF00DEDB35 /* scene.json */; };
		4C59A93C136B4A6C00C4F13D /* GLUT.framework in Frameworks */ = {isa = PBXBuildFile; fileRef = 4C59A93B136B4A6C00C4F13D /* GLUT.framework */; };
		4C59A93E136B4A8900C4F13D /* OpenGL.framework in Frameworks */ = {isa = PBXBuildFile; fileRef = 4C59A93D136B4A8900C4F13D /* OpenGL.framework */; };
		4C59AA19136B4C7200C4F13D /* shader.frag in Sources */ = {isa = PBXBuildFile; fileRef = 4C59AA17136B4C7200C4F13D /* shader.frag */; };
		4C59AA1A136B4C7200C4F13D /* shader.vert in Sources */ = {isa = PBXBuildFile; fileRef = 4C59AA18136B4C7200C4F13D /* shader.vert */; };
		4C59AA1F136B4D7D00C4F13D /* shader.frag in CopyFiles */ = {isa = PBXBuildFile; fileRef = 4C59AA17136B4C7200C4F13D /* shader.frag */; };
		4C59AA20136B4D7D00C4F13D /* shader.vert in CopyFiles */ = {isa = PBXBuildFile; fileRef = 4C59AA18136B4C7200C4F13D /* shader.vert */; };
		4C8058AC136D45C2008CBAFE /* DAEImporter.cpp in Sources */ = {isa = PBXBuildFile; fileRef = 4C8058AA136D45C2008CBAFE /* DAEImporter.cpp */; };
		4C8058B0136D4653008CBAFE /* Batch.cpp in Sources */ = {isa = PBXBuildFile; fileRef = 4C8058AE136D4653008CBAFE /* Batch.cpp */; };
		4CB113F5136AEBEF00612D7F /* main.cpp in Sources */ = {isa = PBXBuildFile; fileRef = 4CB113F4136AEBEF00612D7F /* main.cpp */; };
		4CB113FD136AEBFD00612D7F /* Collada14Dom.framework in Frameworks */ = {isa = PBXBuildFile; fileRef = 4CB113FC136AEBFD00612D7F /* Collada14Dom.framework */; };
/* End PBXBuildFile section */

/* Begin PBXCopyFilesBuildPhase section */
		4CB113EE136AEBEF00612D7F /* CopyFiles */ = {
			isa = PBXCopyFilesBuildPhase;
			buildActionMask = 12;
			dstPath = "";
			dstSubfolderSpec = 6;
			files = (
				4C3B13B6136E95F300DEDB35 /* scene.json in CopyFiles */,
				4C3B13B3136E927C00DEDB35 /* box.dae in CopyFiles */,
				4C3B13B4136E927C00DEDB35 /* court.dae in CopyFiles */,
				4C59AA1F136B4D7D00C4F13D /* shader.frag in CopyFiles */,
				4C59AA20136B4D7D00C4F13D /* shader.vert in CopyFiles */,
			);
			runOnlyForDeploymentPostprocessing = 0;
		};
/* End PBXCopyFilesBuildPhase section */

/* Begin PBXFileReference section */
		4C3B13AD136E855300DEDB35 /* IO.h */ = {isa = PBXFileReference; fileEncoding = 4; lastKnownFileType = sourcecode.c.h; path = IO.h; sourceTree = "<group>"; };
		4C3B13B1136E927000DEDB35 /* box.dae */ = {isa = PBXFileReference; fileEncoding = 4; lastKnownFileType = text.xml; name = box.dae; path = Bla/box.dae; sourceTree = "<group>"; };
		4C3B13B2136E927000DEDB35 /* court.dae */ = {isa = PBXFileReference; fileEncoding = 4; lastKnownFileType = text.xml; name = court.dae; path = Bla/court.dae; sourceTree = "<group>"; };
		4C3B13B5136E95DF00DEDB35 /* scene.json */ = {isa = PBXFileReference; fileEncoding = 4; lastKnownFileType = text; name = scene.json; path = Bla/scene.json; sourceTree = "<group>"; };
		4C3C297D136D65FF00DA1AD7 /* elements.h */ = {isa = PBXFileReference; fileEncoding = 4; lastKnownFileType = sourcecode.c.h; path = elements.h; sourceTree = "<group>"; };
		4C3C297E136D65FF00DA1AD7 /* elements.inl */ = {isa = PBXFileReference; fileEncoding = 4; lastKnownFileType = text; path = elements.inl; sourceTree = "<group>"; };
		4C3C297F136D65FF00DA1AD7 /* reader.h */ = {isa = PBXFileReference; fileEncoding = 4; lastKnownFileType = sourcecode.c.h; path = reader.h; sourceTree = "<group>"; };
		4C3C2980136D65FF00DA1AD7 /* reader.inl */ = {isa = PBXFileReference; fileEncoding = 4; lastKnownFileType = text; path = reader.inl; sourceTree = "<group>"; };
		4C3C2981136D65FF00DA1AD7 /* visitor.h */ = {isa = PBXFileReference; fileEncoding = 4; lastKnownFileType = sourcecode.c.h; path = visitor.h; sourceTree = "<group>"; };
		4C3C2982136D65FF00DA1AD7 /* writer.h */ = {isa = PBXFileReference; fileEncoding = 4; lastKnownFileType = sourcecode.c.h; path = writer.h; sourceTree = "<group>"; };
		4C3C2983136D65FF00DA1AD7 /* writer.inl */ = {isa = PBXFileReference; fileEncoding = 4; lastKnownFileType = text; path = writer.inl; sourceTree = "<group>"; };
		4C59A93B136B4A6C00C4F13D /* GLUT.framework */ = {isa = PBXFileReference; lastKnownFileType = wrapper.framework; name = GLUT.framework; path = System/Library/Frameworks/GLUT.framework; sourceTree = SDKROOT; };
		4C59A93D136B4A8900C4F13D /* OpenGL.framework */ = {isa = PBXFileReference; lastKnownFileType = wrapper.framework; name = OpenGL.framework; path = System/Library/Frameworks/OpenGL.framework; sourceTree = SDKROOT; };
		4C59AA17136B4C7200C4F13D /* shader.frag */ = {isa = PBXFileReference; fileEncoding = 4; lastKnownFileType = sourcecode.glsl; name = shader.frag; path = Bla/shader.frag; sourceTree = "<group>"; };
		4C59AA18136B4C7200C4F13D /* shader.vert */ = {isa = PBXFileReference; fileEncoding = 4; lastKnownFileType = sourcecode.glsl; name = shader.vert; path = Bla/shader.vert; sourceTree = "<group>"; };
		4C8058AA136D45C2008CBAFE /* DAEImporter.cpp */ = {isa = PBXFileReference; fileEncoding = 4; lastKnownFileType = sourcecode.cpp.cpp; path = DAEImporter.cpp; sourceTree = "<group>"; };
		4C8058AB136D45C2008CBAFE /* DAEImporter.h */ = {isa = PBXFileReference; fileEncoding = 4; lastKnownFileType = sourcecode.c.h; path = DAEImporter.h; sourceTree = "<group>"; };
		4C8058AE136D4653008CBAFE /* Batch.cpp */ = {isa = PBXFileReference; fileEncoding = 4; lastKnownFileType = sourcecode.cpp.cpp; path = Batch.cpp; sourceTree = "<group>"; };
		4C8058AF136D4653008CBAFE /* Batch.h */ = {isa = PBXFileReference; fileEncoding = 4; lastKnownFileType = sourcecode.c.h; path = Batch.h; sourceTree = "<group>"; };
		4CB113F0136AEBEF00612D7F /* Bla */ = {isa = PBXFileReference; explicitFileType = "compiled.mach-o.executable"; includeInIndex = 0; path = Bla; sourceTree = BUILT_PRODUCTS_DIR; };
		4CB113F4136AEBEF00612D7F /* main.cpp */ = {isa = PBXFileReference; lastKnownFileType = sourcecode.cpp.cpp; path = main.cpp; sourceTree = "<group>"; };
		4CB113F6136AEBEF00612D7F /* Bla.1 */ = {isa = PBXFileReference; lastKnownFileType = text.man; path = Bla.1; sourceTree = "<group>"; };
		4CB113FC136AEBFD00612D7F /* Collada14Dom.framework */ = {isa = PBXFileReference; lastKnownFileType = wrapper.framework; name = Collada14Dom.framework; path = Library/Frameworks/Collada14Dom.framework; sourceTree = SDKROOT; };
		4CB113FE136AEC3C00612D7F /* libboost_filesystem-mt.dylib */ = {isa = PBXFileReference; lastKnownFileType = "compiled.mach-o.dylib"; name = "libboost_filesystem-mt.dylib"; path = "usr/local/lib/libboost_filesystem-mt.dylib"; sourceTree = SDKROOT; };
/* End PBXFileReference section */

/* Begin PBXFrameworksBuildPhase section */
		4CB113ED136AEBEF00612D7F /* Frameworks */ = {
			isa = PBXFrameworksBuildPhase;
			buildActionMask = 2147483647;
			files = (
				4C59A93E136B4A8900C4F13D /* OpenGL.framework in Frameworks */,
				4C59A93C136B4A6C00C4F13D /* GLUT.framework in Frameworks */,
				4CB113FD136AEBFD00612D7F /* Collada14Dom.framework in Frameworks */,
			);
			runOnlyForDeploymentPostprocessing = 0;
		};
/* End PBXFrameworksBuildPhase section */

/* Begin PBXGroup section */
		4C3C297C136D65FF00DA1AD7 /* json */ = {
			isa = PBXGroup;
			children = (
				4C3C297D136D65FF00DA1AD7 /* elements.h */,
				4C3C297E136D65FF00DA1AD7 /* elements.inl */,
				4C3C297F136D65FF00DA1AD7 /* reader.h */,
				4C3C2980136D65FF00DA1AD7 /* reader.inl */,
				4C3C2981136D65FF00DA1AD7 /* visitor.h */,
				4C3C2982136D65FF00DA1AD7 /* writer.h */,
				4C3C2983136D65FF00DA1AD7 /* writer.inl */,
			);
			path = json;
			sourceTree = "<group>";
		};
		4C59AA1E136B4D6500C4F13D /* Resources */ = {
			isa = PBXGroup;
			children = (
				4C3B13B1136E927000DEDB35 /* box.dae */,
				4C3B13B2136E927000DEDB35 /* court.dae */,
				4C59AA17136B4C7200C4F13D /* shader.frag */,
				4C59AA18136B4C7200C4F13D /* shader.vert */,
				4C3B13B5136E95DF00DEDB35 /* scene.json */,
			);
			name = Resources;
			sourceTree = "<group>";
		};
		4CB113E5136AEBEF00612D7F = {
			isa = PBXGroup;
			children = (
				4C59AA1E136B4D6500C4F13D /* Resources */,
				4C59A93D136B4A8900C4F13D /* OpenGL.framework */,
				4C59A93B136B4A6C00C4F13D /* GLUT.framework */,
				4CB113FE136AEC3C00612D7F /* libboost_filesystem-mt.dylib */,
				4CB113FC136AEBFD00612D7F /* Collada14Dom.framework */,
				4CB113F3136AEBEF00612D7F /* Bla */,
				4CB113F1136AEBEF00612D7F /* Products */,
			);
			sourceTree = "<group>";
		};
		4CB113F1136AEBEF00612D7F /* Products */ = {
			isa = PBXGroup;
			children = (
				4CB113F0136AEBEF00612D7F /* Bla */,
			);
			name = Products;
			sourceTree = "<group>";
		};
		4CB113F3136AEBEF00612D7F /* Bla */ = {
			isa = PBXGroup;
			children = (
				4C3C297C136D65FF00DA1AD7 /* json */,
				4CB113F4136AEBEF00612D7F /* main.cpp */,
				4CB113F6136AEBEF00612D7F /* Bla.1 */,
				4C8058AA136D45C2008CBAFE /* DAEImporter.cpp */,
				4C8058AB136D45C2008CBAFE /* DAEImporter.h */,
				4C8058AE136D4653008CBAFE /* Batch.cpp */,
				4C8058AF136D4653008CBAFE /* Batch.h */,
				4C3B13AD136E855300DEDB35 /* IO.h */,
			);
			path = Bla;
			sourceTree = "<group>";
		};
/* End PBXGroup section */

/* Begin PBXNativeTarget section */
		4CB113EF136AEBEF00612D7F /* Bla */ = {
			isa = PBXNativeTarget;
			buildConfigurationList = 4CB113F9136AEBEF00612D7F /* Build configuration list for PBXNativeTarget "Bla" */;
			buildPhases = (
				4CB113EC136AEBEF00612D7F /* Sources */,
				4CB113ED136AEBEF00612D7F /* Frameworks */,
				4CB113EE136AEBEF00612D7F /* CopyFiles */,
			);
			buildRules = (
			);
			dependencies = (
			);
			name = Bla;
			productName = Bla;
			productReference = 4CB113F0136AEBEF00612D7F /* Bla */;
			productType = "com.apple.product-type.tool";
		};
/* End PBXNativeTarget section */

/* Begin PBXProject section */
		4CB113E7136AEBEF00612D7F /* Project object */ = {
			isa = PBXProject;
			buildConfigurationList = 4CB113EA136AEBEF00612D7F /* Build configuration list for PBXProject "Bla" */;
			compatibilityVersion = "Xcode 3.2";
			developmentRegion = English;
			hasScannedForEncodings = 0;
			knownRegions = (
				en,
			);
			mainGroup = 4CB113E5136AEBEF00612D7F;
			productRefGroup = 4CB113F1136AEBEF00612D7F /* Products */;
			projectDirPath = "";
			projectRoot = "";
			targets = (
				4CB113EF136AEBEF00612D7F /* Bla */,
			);
		};
/* End PBXProject section */

/* Begin PBXSourcesBuildPhase section */
		4CB113EC136AEBEF00612D7F /* Sources */ = {
			isa = PBXSourcesBuildPhase;
			buildActionMask = 2147483647;
			files = (
				4CB113F5136AEBEF00612D7F /* main.cpp in Sources */,
				4C59AA19136B4C7200C4F13D /* shader.frag in Sources */,
				4C59AA1A136B4C7200C4F13D /* shader.vert in Sources */,
				4C8058AC136D45C2008CBAFE /* DAEImporter.cpp in Sources */,
				4C8058B0136D4653008CBAFE /* Batch.cpp in Sources */,
			);
			runOnlyForDeploymentPostprocessing = 0;
		};
/* End PBXSourcesBuildPhase section */

/* Begin XCBuildConfiguration section */
		4CB113F7136AEBEF00612D7F /* Debug */ = {
			isa = XCBuildConfiguration;
			buildSettings = {
				ARCHS = "$(ARCHS_STANDARD_32_64_BIT)";
				GCC_C_LANGUAGE_STANDARD = gnu99;
				GCC_OPTIMIZATION_LEVEL = 0;
				GCC_PREPROCESSOR_DEFINITIONS = DEBUG;
				GCC_SYMBOLS_PRIVATE_EXTERN = NO;
				GCC_VERSION = com.apple.compilers.llvm.clang.1_0;
				GCC_WARN_64_TO_32_BIT_CONVERSION = YES;
				GCC_WARN_ABOUT_RETURN_TYPE = YES;
				GCC_WARN_UNUSED_VARIABLE = YES;
				MACOSX_DEPLOYMENT_TARGET = 10.6;
				ONLY_ACTIVE_ARCH = YES;
				SDKROOT = macosx;
			};
			name = Debug;
		};
		4CB113F8136AEBEF00612D7F /* Release */ = {
			isa = XCBuildConfiguration;
			buildSettings = {
				ARCHS = "$(ARCHS_STANDARD_32_64_BIT)";
				GCC_C_LANGUAGE_STANDARD = gnu99;
				GCC_VERSION = com.apple.compilers.llvm.clang.1_0;
				GCC_WARN_64_TO_32_BIT_CONVERSION = YES;
				GCC_WARN_ABOUT_RETURN_TYPE = YES;
				GCC_WARN_UNUSED_VARIABLE = YES;
				MACOSX_DEPLOYMENT_TARGET = 10.6;
				SDKROOT = macosx;
			};
			name = Release;
		};
		4CB113FA136AEBEF00612D7F /* Debug */ = {
			isa = XCBuildConfiguration;
			buildSettings = {
				ALWAYS_SEARCH_USER_PATHS = NO;
				ARCHS = "$(ARCHS_STANDARD_32_BIT)";
				COPY_PHASE_STRIP = NO;
				GCC_DYNAMIC_NO_PIC = NO;
				GCC_ENABLE_OBJC_EXCEPTIONS = YES;
				HEADER_SEARCH_PATHS = (
					/Library/Frameworks/Collada14Dom.framework/Headers,
					/usr/local/include,
				);
				LIBRARY_SEARCH_PATHS = /usr/local/lib;
				OTHER_LDFLAGS = (
					"-lboost_filesystem-mt",
					"-lboost_system-mt",
					"-ljson",
				);
				PRODUCT_NAME = "$(TARGET_NAME)";
				VALID_ARCHS = i386;
			};
			name = Debug;
		};
		4CB113FB136AEBEF00612D7F /* Release */ = {
			isa = XCBuildConfiguration;
			buildSettings = {
				ALWAYS_SEARCH_USER_PATHS = NO;
				ARCHS = "$(ARCHS_STANDARD_32_BIT)";
				COPY_PHASE_STRIP = YES;
				DEBUG_INFORMATION_FORMAT = "dwarf-with-dsym";
				GCC_ENABLE_OBJC_EXCEPTIONS = YES;
				HEADER_SEARCH_PATHS = (
					/Library/Frameworks/Collada14Dom.framework/Headers,
					/usr/local/include,
				);
				LIBRARY_SEARCH_PATHS = /usr/local/lib;
				OTHER_LDFLAGS = (
					"-lboost_filesystem-mt",
					"-lboost_system-mt",
					"-ljson",
				);
				PRODUCT_NAME = "$(TARGET_NAME)";
				VALID_ARCHS = i386;
			};
			name = Release;
		};
/* End XCBuildConfiguration section */

/* Begin XCConfigurationList section */
		4CB113EA136AEBEF00612D7F /* Build configuration list for PBXProject "Bla" */ = {
			isa = XCConfigurationList;
			buildConfigurations = (
				4CB113F7136AEBEF00612D7F /* Debug */,
				4CB113F8136AEBEF00612D7F /* Release */,
			);
			defaultConfigurationIsVisible = 0;
			defaultConfigurationName = Release;
		};
		4CB113F9136AEBEF00612D7F /* Build configuration list for PBXNativeTarget "Bla" */ = {
			isa = XCConfigurationList;
			buildConfigurations = (
				4CB113FA136AEBEF00612D7F /* Debug */,
				4CB113FB136AEBEF00612D7F /* Release */,
			);
			defaultConfigurationIsVisible = 0;
			defaultConfigurationName = Release;
		};
/* End XCConfigurationList section */
	};
	rootObject = 4CB113E7136AEBEF00612D7F /* Project object */;
}
