// !$*UTF8*$!
{
	archiveVersion = 1;
	classes = {
	};
	objectVersion = 46;
	objects = {

/* Begin PBXBuildFile section */
		4C1731601376A2A600CD631E /* libpcre.dylib in Frameworks */ = {isa = PBXBuildFile; fileRef = 4C17315E1376A2A600CD631E /* libpcre.dylib */; };
		4C1731611376A2A600CD631E /* libpcrecpp.dylib in Frameworks */ = {isa = PBXBuildFile; fileRef = 4C17315F1376A2A600CD631E /* libpcrecpp.dylib */; };
		4C1731631376A39200CD631E /* libxml2.dylib in Frameworks */ = {isa = PBXBuildFile; fileRef = 4C1731621376A39200CD631E /* libxml2.dylib */; };
		4C8058AC136D45C2008CBAFE /* DAEImporter.cpp in Sources */ = {isa = PBXBuildFile; fileRef = 4C8058AA136D45C2008CBAFE /* DAEImporter.cpp */; };
		4C8058B0136D4653008CBAFE /* Batch.cpp in Sources */ = {isa = PBXBuildFile; fileRef = 4C8058AE136D4653008CBAFE /* Batch.cpp */; };
		4C869DF41387DA6F000B6FED /* SkyBox.cpp in Sources */ = {isa = PBXBuildFile; fileRef = 4C869DF21387DA6F000B6FED /* SkyBox.cpp */; };
		4C869DFB1387DC83000B6FED /* Entity.cpp in Sources */ = {isa = PBXBuildFile; fileRef = 4C869DF91387DC82000B6FED /* Entity.cpp */; };
		4C869DFF1387DCF5000B6FED /* Scene.cpp in Sources */ = {isa = PBXBuildFile; fileRef = 4C869DFD1387DCF4000B6FED /* Scene.cpp */; };
		4C869E021387E96C000B6FED /* Camera.cpp in Sources */ = {isa = PBXBuildFile; fileRef = 4C869E001387E96B000B6FED /* Camera.cpp */; };
		4CB113F5136AEBEF00612D7F /* main.cpp in Sources */ = {isa = PBXBuildFile; fileRef = 4CB113F4136AEBEF00612D7F /* main.cpp */; };
		4CF19AAE1376A5CC0066CFA8 /* GLUT.framework in Frameworks */ = {isa = PBXBuildFile; fileRef = 4CF19AAD1376A5CC0066CFA8 /* GLUT.framework */; };
		4CF19AB01376A5D10066CFA8 /* OpenGL.framework in Frameworks */ = {isa = PBXBuildFile; fileRef = 4CF19AAF1376A5D10066CFA8 /* OpenGL.framework */; };
		4CF19AB21376A5DE0066CFA8 /* ApplicationServices.framework in Frameworks */ = {isa = PBXBuildFile; fileRef = 4CF19AB11376A5DE0066CFA8 /* ApplicationServices.framework */; };
/* End PBXBuildFile section */

/* Begin PBXBuildRule section */
		4CF19AB41376A6A50066CFA8 /* PBXBuildRule */ = {
			isa = PBXBuildRule;
			compilerSpec = com.apple.compilers.proxy.script;
			fileType = sourcecode.glsl;
			isEditable = 1;
			outputFiles = (
			);
			script = "";
		};
/* End PBXBuildRule section */

/* Begin PBXCopyFilesBuildPhase section */
		4CB113EE136AEBEF00612D7F /* CopyFiles */ = {
			isa = PBXCopyFilesBuildPhase;
			buildActionMask = 12;
			dstPath = "";
			dstSubfolderSpec = 6;
			files = (
			);
			runOnlyForDeploymentPostprocessing = 0;
		};
/* End PBXCopyFilesBuildPhase section */

/* Begin PBXFileReference section */
		4C17315E1376A2A600CD631E /* libpcre.dylib */ = {isa = PBXFileReference; lastKnownFileType = "compiled.mach-o.dylib"; name = libpcre.dylib; path = usr/lib/libpcre.dylib; sourceTree = SDKROOT; };
		4C17315F1376A2A600CD631E /* libpcrecpp.dylib */ = {isa = PBXFileReference; lastKnownFileType = "compiled.mach-o.dylib"; name = libpcrecpp.dylib; path = usr/local/lib/libpcrecpp.dylib; sourceTree = SDKROOT; };
		4C1731621376A39200CD631E /* libxml2.dylib */ = {isa = PBXFileReference; lastKnownFileType = "compiled.mach-o.dylib"; name = libxml2.dylib; path = usr/lib/libxml2.dylib; sourceTree = SDKROOT; };
		4C3B13AD136E855300DEDB35 /* IO.h */ = {isa = PBXFileReference; fileEncoding = 4; lastKnownFileType = sourcecode.c.h; path = IO.h; sourceTree = "<group>"; };
		4C3C297D136D65FF00DA1AD7 /* elements.h */ = {isa = PBXFileReference; fileEncoding = 4; lastKnownFileType = sourcecode.c.h; path = elements.h; sourceTree = "<group>"; };
		4C3C297E136D65FF00DA1AD7 /* elements.inl */ = {isa = PBXFileReference; fileEncoding = 4; lastKnownFileType = text; path = elements.inl; sourceTree = "<group>"; };
		4C3C297F136D65FF00DA1AD7 /* reader.h */ = {isa = PBXFileReference; fileEncoding = 4; lastKnownFileType = sourcecode.c.h; path = reader.h; sourceTree = "<group>"; };
		4C3C2980136D65FF00DA1AD7 /* reader.inl */ = {isa = PBXFileReference; fileEncoding = 4; lastKnownFileType = text; path = reader.inl; sourceTree = "<group>"; };
		4C3C2981136D65FF00DA1AD7 /* visitor.h */ = {isa = PBXFileReference; fileEncoding = 4; lastKnownFileType = sourcecode.c.h; path = visitor.h; sourceTree = "<group>"; };
		4C3C2982136D65FF00DA1AD7 /* writer.h */ = {isa = PBXFileReference; fileEncoding = 4; lastKnownFileType = sourcecode.c.h; path = writer.h; sourceTree = "<group>"; };
		4C3C2983136D65FF00DA1AD7 /* writer.inl */ = {isa = PBXFileReference; fileEncoding = 4; lastKnownFileType = text; path = writer.inl; sourceTree = "<group>"; };
		4C8058AA136D45C2008CBAFE /* DAEImporter.cpp */ = {isa = PBXFileReference; fileEncoding = 4; lastKnownFileType = sourcecode.cpp.cpp; path = DAEImporter.cpp; sourceTree = "<group>"; };
		4C8058AB136D45C2008CBAFE /* DAEImporter.h */ = {isa = PBXFileReference; fileEncoding = 4; lastKnownFileType = sourcecode.c.h; path = DAEImporter.h; sourceTree = "<group>"; };
		4C8058AE136D4653008CBAFE /* Batch.cpp */ = {isa = PBXFileReference; fileEncoding = 4; lastKnownFileType = sourcecode.cpp.cpp; path = Batch.cpp; sourceTree = "<group>"; };
		4C8058AF136D4653008CBAFE /* Batch.h */ = {isa = PBXFileReference; fileEncoding = 4; lastKnownFileType = sourcecode.c.h; path = Batch.h; sourceTree = "<group>"; };
		4C869DF21387DA6F000B6FED /* SkyBox.cpp */ = {isa = PBXFileReference; fileEncoding = 4; lastKnownFileType = sourcecode.cpp.cpp; path = SkyBox.cpp; sourceTree = "<group>"; };
		4C869DF31387DA6F000B6FED /* SkyBox.h */ = {isa = PBXFileReference; fileEncoding = 4; lastKnownFileType = sourcecode.c.h; path = SkyBox.h; sourceTree = "<group>"; };
		4C869DF71387DB30000B6FED /* Texture.h */ = {isa = PBXFileReference; fileEncoding = 4; lastKnownFileType = sourcecode.c.h; path = Texture.h; sourceTree = "<group>"; };
		4C869DF91387DC82000B6FED /* Entity.cpp */ = {isa = PBXFileReference; fileEncoding = 4; lastKnownFileType = sourcecode.cpp.cpp; path = Entity.cpp; sourceTree = "<group>"; };
		4C869DFA1387DC83000B6FED /* Entity.h */ = {isa = PBXFileReference; fileEncoding = 4; lastKnownFileType = sourcecode.c.h; path = Entity.h; sourceTree = "<group>"; };
		4C869DFC1387DCC4000B6FED /* String.h */ = {isa = PBXFileReference; fileEncoding = 4; lastKnownFileType = sourcecode.c.h; path = String.h; sourceTree = "<group>"; };
		4C869DFD1387DCF4000B6FED /* Scene.cpp */ = {isa = PBXFileReference; fileEncoding = 4; lastKnownFileType = sourcecode.cpp.cpp; path = Scene.cpp; sourceTree = "<group>"; };
		4C869DFE1387DCF5000B6FED /* Scene.h */ = {isa = PBXFileReference; fileEncoding = 4; lastKnownFileType = sourcecode.c.h; path = Scene.h; sourceTree = "<group>"; };
		4C869E001387E96B000B6FED /* Camera.cpp */ = {isa = PBXFileReference; fileEncoding = 4; lastKnownFileType = sourcecode.cpp.cpp; path = Camera.cpp; sourceTree = "<group>"; };
		4C869E011387E96B000B6FED /* Camera.h */ = {isa = PBXFileReference; fileEncoding = 4; lastKnownFileType = sourcecode.c.h; path = Camera.h; sourceTree = "<group>"; };
		4CB113F0136AEBEF00612D7F /* Bla */ = {isa = PBXFileReference; explicitFileType = "compiled.mach-o.executable"; includeInIndex = 0; path = Bla; sourceTree = BUILT_PRODUCTS_DIR; };
		4CB113F4136AEBEF00612D7F /* main.cpp */ = {isa = PBXFileReference; lastKnownFileType = sourcecode.cpp.cpp; path = main.cpp; sourceTree = "<group>"; };
		4CB113F6136AEBEF00612D7F /* Bla.1 */ = {isa = PBXFileReference; lastKnownFileType = text.man; path = Bla.1; sourceTree = "<group>"; };
		4CF19AAD1376A5CC0066CFA8 /* GLUT.framework */ = {isa = PBXFileReference; lastKnownFileType = wrapper.framework; name = GLUT.framework; path = System/Library/Frameworks/GLUT.framework; sourceTree = SDKROOT; };
		4CF19AAF1376A5D10066CFA8 /* OpenGL.framework */ = {isa = PBXFileReference; lastKnownFileType = wrapper.framework; name = OpenGL.framework; path = System/Library/Frameworks/OpenGL.framework; sourceTree = SDKROOT; };
		4CF19AB11376A5DE0066CFA8 /* ApplicationServices.framework */ = {isa = PBXFileReference; lastKnownFileType = wrapper.framework; name = ApplicationServices.framework; path = System/Library/Frameworks/ApplicationServices.framework; sourceTree = SDKROOT; };
/* End PBXFileReference section */

/* Begin PBXFrameworksBuildPhase section */
		4CB113ED136AEBEF00612D7F /* Frameworks */ = {
			isa = PBXFrameworksBuildPhase;
			buildActionMask = 2147483647;
			files = (
				4CF19AB21376A5DE0066CFA8 /* ApplicationServices.framework in Frameworks */,
				4CF19AB01376A5D10066CFA8 /* OpenGL.framework in Frameworks */,
				4CF19AAE1376A5CC0066CFA8 /* GLUT.framework in Frameworks */,
				4C1731631376A39200CD631E /* libxml2.dylib in Frameworks */,
				4C1731601376A2A600CD631E /* libpcre.dylib in Frameworks */,
				4C1731611376A2A600CD631E /* libpcrecpp.dylib in Frameworks */,
			);
			runOnlyForDeploymentPostprocessing = 0;
		};
/* End PBXFrameworksBuildPhase section */

/* Begin PBXGroup section */
		4C1731591376A00500CD631E /* Libraries */ = {
			isa = PBXGroup;
			children = (
				4CF19AB11376A5DE0066CFA8 /* ApplicationServices.framework */,
				4CF19AAF1376A5D10066CFA8 /* OpenGL.framework */,
				4CF19AAD1376A5CC0066CFA8 /* GLUT.framework */,
				4C1731621376A39200CD631E /* libxml2.dylib */,
				4C17315E1376A2A600CD631E /* libpcre.dylib */,
				4C17315F1376A2A600CD631E /* libpcrecpp.dylib */,
			);
			name = Libraries;
			sourceTree = "<group>";
		};
		4C3C297C136D65FF00DA1AD7 /* json */ = {
			isa = PBXGroup;
			children = (
				4C3C297D136D65FF00DA1AD7 /* elements.h */,
				4C3C297E136D65FF00DA1AD7 /* elements.inl */,
				4C3C297F136D65FF00DA1AD7 /* reader.h */,
				4C3C2980136D65FF00DA1AD7 /* reader.inl */,
				4C3C2981136D65FF00DA1AD7 /* visitor.h */,
				4C3C2982136D65FF00DA1AD7 /* writer.h */,
				4C3C2983136D65FF00DA1AD7 /* writer.inl */,
			);
			path = json;
			sourceTree = "<group>";
		};
		4CB113E5136AEBEF00612D7F = {
			isa = PBXGroup;
			children = (
				4C1731591376A00500CD631E /* Libraries */,
				4CB113F3136AEBEF00612D7F /* Bla */,
				4CB113F1136AEBEF00612D7F /* Products */,
			);
			sourceTree = "<group>";
		};
		4CB113F1136AEBEF00612D7F /* Products */ = {
			isa = PBXGroup;
			children = (
				4CB113F0136AEBEF00612D7F /* Bla */,
			);
			name = Products;
			sourceTree = "<group>";
		};
		4CB113F3136AEBEF00612D7F /* Bla */ = {
			isa = PBXGroup;
			children = (
				4C3C297C136D65FF00DA1AD7 /* json */,
				4CB113F4136AEBEF00612D7F /* main.cpp */,
				4CB113F6136AEBEF00612D7F /* Bla.1 */,
				4C8058AA136D45C2008CBAFE /* DAEImporter.cpp */,
				4C8058AB136D45C2008CBAFE /* DAEImporter.h */,
				4C8058AE136D4653008CBAFE /* Batch.cpp */,
				4C8058AF136D4653008CBAFE /* Batch.h */,
				4C3B13AD136E855300DEDB35 /* IO.h */,
				4C869DF21387DA6F000B6FED /* SkyBox.cpp */,
				4C869DF31387DA6F000B6FED /* SkyBox.h */,
				4C869DF71387DB30000B6FED /* Texture.h */,
				4C869DF91387DC82000B6FED /* Entity.cpp */,
				4C869DFA1387DC83000B6FED /* Entity.h */,
				4C869DFC1387DCC4000B6FED /* String.h */,
				4C869DFD1387DCF4000B6FED /* Scene.cpp */,
				4C869DFE1387DCF5000B6FED /* Scene.h */,
				4C869E001387E96B000B6FED /* Camera.cpp */,
				4C869E011387E96B000B6FED /* Camera.h */,
			);
			path = Bla;
			sourceTree = "<group>";
		};
/* End PBXGroup section */

/* Begin PBXNativeTarget section */
		4CB113EF136AEBEF00612D7F /* Bla */ = {
			isa = PBXNativeTarget;
			buildConfigurationList = 4CB113F9136AEBEF00612D7F /* Build configuration list for PBXNativeTarget "Bla" */;
			buildPhases = (
				4CB113EC136AEBEF00612D7F /* Sources */,
				4CB113ED136AEBEF00612D7F /* Frameworks */,
				4CB113EE136AEBEF00612D7F /* CopyFiles */,
				4CF19ADF1376C8A60066CFA8 /* ShellScript */,
			);
			buildRules = (
				4CF19AB41376A6A50066CFA8 /* PBXBuildRule */,
			);
			dependencies = (
			);
			name = Bla;
			productName = Bla;
			productReference = 4CB113F0136AEBEF00612D7F /* Bla */;
			productType = "com.apple.product-type.tool";
		};
/* End PBXNativeTarget section */

/* Begin PBXProject section */
		4CB113E7136AEBEF00612D7F /* Project object */ = {
			isa = PBXProject;
			buildConfigurationList = 4CB113EA136AEBEF00612D7F /* Build configuration list for PBXProject "Bla" */;
			compatibilityVersion = "Xcode 3.2";
			developmentRegion = English;
			hasScannedForEncodings = 0;
			knownRegions = (
				en,
			);
			mainGroup = 4CB113E5136AEBEF00612D7F;
			productRefGroup = 4CB113F1136AEBEF00612D7F /* Products */;
			projectDirPath = "";
			projectRoot = "";
			targets = (
				4CB113EF136AEBEF00612D7F /* Bla */,
			);
		};
/* End PBXProject section */

/* Begin PBXShellScriptBuildPhase section */
		4CF19ADF1376C8A60066CFA8 /* ShellScript */ = {
			isa = PBXShellScriptBuildPhase;
			buildActionMask = 2147483647;
			files = (
			);
			inputPaths = (
			);
			outputPaths = (
			);
			runOnlyForDeploymentPostprocessing = 0;
			shellPath = /bin/sh;
			shellScript = "cp -rf ${SOURCE_ROOT}/assets/compiled/* ${BUILT_PRODUCTS_DIR}";
		};
/* End PBXShellScriptBuildPhase section */

/* Begin PBXSourcesBuildPhase section */
		4CB113EC136AEBEF00612D7F /* Sources */ = {
			isa = PBXSourcesBuildPhase;
			buildActionMask = 2147483647;
			files = (
				4CB113F5136AEBEF00612D7F /* main.cpp in Sources */,
				4C8058AC136D45C2008CBAFE /* DAEImporter.cpp in Sources */,
				4C8058B0136D4653008CBAFE /* Batch.cpp in Sources */,
				4C869DF41387DA6F000B6FED /* SkyBox.cpp in Sources */,
				4C869DFB1387DC83000B6FED /* Entity.cpp in Sources */,
				4C869DFF1387DCF5000B6FED /* Scene.cpp in Sources */,
				4C869E021387E96C000B6FED /* Camera.cpp in Sources */,
			);
			runOnlyForDeploymentPostprocessing = 0;
		};
/* End PBXSourcesBuildPhase section */

/* Begin XCBuildConfiguration section */
		4CB113F7136AEBEF00612D7F /* Debug */ = {
			isa = XCBuildConfiguration;
			buildSettings = {
				ARCHS = "$(ARCHS_STANDARD_32_64_BIT)";
				GCC_C_LANGUAGE_STANDARD = gnu99;
				GCC_OPTIMIZATION_LEVEL = 0;
				GCC_PREPROCESSOR_DEFINITIONS = DEBUG;
				GCC_SYMBOLS_PRIVATE_EXTERN = NO;
				GCC_VERSION = com.apple.compilers.llvm.clang.1_0;
				GCC_WARN_64_TO_32_BIT_CONVERSION = YES;
				GCC_WARN_ABOUT_RETURN_TYPE = YES;
				GCC_WARN_UNUSED_VARIABLE = YES;
				MACOSX_DEPLOYMENT_TARGET = 10.6;
				ONLY_ACTIVE_ARCH = YES;
				SDKROOT = macosx;
			};
			name = Debug;
		};
		4CB113F8136AEBEF00612D7F /* Release */ = {
			isa = XCBuildConfiguration;
			buildSettings = {
				ARCHS = "$(ARCHS_STANDARD_32_64_BIT)";
				GCC_C_LANGUAGE_STANDARD = gnu99;
				GCC_VERSION = com.apple.compilers.llvm.clang.1_0;
				GCC_WARN_64_TO_32_BIT_CONVERSION = YES;
				GCC_WARN_ABOUT_RETURN_TYPE = YES;
				GCC_WARN_UNUSED_VARIABLE = YES;
				MACOSX_DEPLOYMENT_TARGET = 10.6;
				SDKROOT = macosx;
			};
			name = Release;
		};
		4CB113FA136AEBEF00612D7F /* Debug */ = {
			isa = XCBuildConfiguration;
			buildSettings = {
				ALWAYS_SEARCH_USER_PATHS = NO;
				ARCHS = "$(ARCHS_STANDARD_32_64_BIT)";
				COPY_PHASE_STRIP = NO;
				GCC_DYNAMIC_NO_PIC = NO;
				GCC_ENABLE_OBJC_EXCEPTIONS = YES;
				HEADER_SEARCH_PATHS = (
					/Library/Frameworks/Collada14Dom.framework/Headers,
					/usr/local/include,
				);
				LIBRARY_SEARCH_PATHS = /usr/local/lib;
				OTHER_LDFLAGS = (
					"-lfreeimage",
					"-lminizip",
					"-ldom",
					"-lboost_filesystem-mt",
					"-lboost_system-mt",
				);
				PRODUCT_NAME = "$(TARGET_NAME)";
				SDKROOT = macosx;
				VALID_ARCHS = "i386 x86_64";
			};
			name = Debug;
		};
		4CB113FB136AEBEF00612D7F /* Release */ = {
			isa = XCBuildConfiguration;
			buildSettings = {
				ALWAYS_SEARCH_USER_PATHS = NO;
				ARCHS = "$(ARCHS_STANDARD_32_64_BIT)";
				COPY_PHASE_STRIP = YES;
				DEBUG_INFORMATION_FORMAT = "dwarf-with-dsym";
				GCC_ENABLE_OBJC_EXCEPTIONS = YES;
				HEADER_SEARCH_PATHS = (
					/Library/Frameworks/Collada14Dom.framework/Headers,
					/usr/local/include,
				);
				LIBRARY_SEARCH_PATHS = /usr/local/lib;
				OTHER_LDFLAGS = (
					"-lfreeimage",
					"-lminizip",
					"-ldom",
					"-lboost_filesystem-mt",
					"-lboost_system-mt",
				);
				PRODUCT_NAME = "$(TARGET_NAME)";
				SDKROOT = macosx;
				VALID_ARCHS = "i386 x86_64";
			};
			name = Release;
		};
/* End XCBuildConfiguration section */

/* Begin XCConfigurationList section */
		4CB113EA136AEBEF00612D7F /* Build configuration list for PBXProject "Bla" */ = {
			isa = XCConfigurationList;
			buildConfigurations = (
				4CB113F7136AEBEF00612D7F /* Debug */,
				4CB113F8136AEBEF00612D7F /* Release */,
			);
			defaultConfigurationIsVisible = 0;
			defaultConfigurationName = Release;
		};
		4CB113F9136AEBEF00612D7F /* Build configuration list for PBXNativeTarget "Bla" */ = {
			isa = XCConfigurationList;
			buildConfigurations = (
				4CB113FA136AEBEF00612D7F /* Debug */,
				4CB113FB136AEBEF00612D7F /* Release */,
			);
			defaultConfigurationIsVisible = 0;
			defaultConfigurationName = Release;
		};
/* End XCConfigurationList section */
	};
	rootObject = 4CB113E7136AEBEF00612D7F /* Project object */;
}
